Microsoft Visual Studio Solution File, Format Version 12.00
# Visual Studio Version 17
VisualStudioVersion = 17.5.2.0
MinimumVisualStudioVersion = 10.0.40219.1
Project("{FAE04EC0-301F-11D3-BF4B-00C04F79EFBC}") = "dotnet-refactored", "dotnet-refactored.csproj", "{05FBB30F-6564-B91A-30AC-4B23A6DEB3C8}"
EndProject
Global
	GlobalSection(SolutionConfigurationPlatforms) = preSolution
		Debug|Any CPU = Debug|Any CPU
		Release|Any CPU = Release|Any CPU
	EndGlobalSection
	GlobalSection(ProjectConfigurationPlatforms) = postSolution
		{05FBB30F-6564-B91A-30AC-4B23A6DEB3C8}.Debug|Any CPU.ActiveCfg = Debug|Any CPU
		{05FBB30F-6564-B91A-30AC-4B23A6DEB3C8}.Debug|Any CPU.Build.0 = Debug|Any CPU
		{05FBB30F-6564-B91A-30AC-4B23A6DEB3C8}.Release|Any CPU.ActiveCfg = Release|Any CPU
		{05FBB30F-6564-B91A-30AC-4B23A6DEB3C8}.Release|Any CPU.Build.0 = Release|Any CPU
	EndGlobalSection
	GlobalSection(SolutionProperties) = preSolution
		HideSolutionNode = FALSE
	EndGlobalSection
	GlobalSection(ExtensibilityGlobals) = postSolution
		SolutionGuid = {3AE37A3E-A755-476C-812A-A98EB018EB0A}
	EndGlobalSection
EndGlobal
